// !$*UTF8*$!
{
	archiveVersion = 1;
	classes = {
	};
	objectVersion = 56;
	objects = {

/* Begin PBXBuildFile section */
		003CD4D2294FA7FC001D54D4 /* Styles.swift in Sources */ = {isa = PBXBuildFile; fileRef = 003CD4D1294FA7FC001D54D4 /* Styles.swift */; };
		003D8578294D8B2C0086956F /* SwiftUIStoreApp.swift in Sources */ = {isa = PBXBuildFile; fileRef = 003D8577294D8B2C0086956F /* SwiftUIStoreApp.swift */; };
		003D857A294D8B2C0086956F /* BasketView.swift in Sources */ = {isa = PBXBuildFile; fileRef = 003D8579294D8B2C0086956F /* BasketView.swift */; };
		003D8590294D8D530086956F /* StoreViewModel.swift in Sources */ = {isa = PBXBuildFile; fileRef = 003D858F294D8D530086956F /* StoreViewModel.swift */; };
		003D8592294D8D640086956F /* DetailsViewModel.swift in Sources */ = {isa = PBXBuildFile; fileRef = 003D8591294D8D640086956F /* DetailsViewModel.swift */; };
		003D8594294D8D790086956F /* BasketViewModel.swift in Sources */ = {isa = PBXBuildFile; fileRef = 003D8593294D8D790086956F /* BasketViewModel.swift */; };
		003D859D294D8FBA0086956F /* MarkPro-Bold.ttf in Resources */ = {isa = PBXBuildFile; fileRef = 003D8598294D8FBA0086956F /* MarkPro-Bold.ttf */; };
		003D859E294D8FBA0086956F /* MarkPro-Regular.ttf in Resources */ = {isa = PBXBuildFile; fileRef = 003D8599294D8FBA0086956F /* MarkPro-Regular.ttf */; };
		003D859F294D8FBA0086956F /* MarkPro-Medium.ttf in Resources */ = {isa = PBXBuildFile; fileRef = 003D859A294D8FBA0086956F /* MarkPro-Medium.ttf */; };
		003D85A2294D93270086956F /* Webservice.swift in Sources */ = {isa = PBXBuildFile; fileRef = 003D85A1294D93270086956F /* Webservice.swift */; };
		003D85A6294D98070086956F /* LaunchScreen.storyboard in Resources */ = {isa = PBXBuildFile; fileRef = 003D85A5294D98070086956F /* LaunchScreen.storyboard */; };
		003D85A9294DC7E10086956F /* DetailsView.swift in Sources */ = {isa = PBXBuildFile; fileRef = 003D85A8294DC7E10086956F /* DetailsView.swift */; };
		003D85AB294DD05F0086956F /* StoreView.swift in Sources */ = {isa = PBXBuildFile; fileRef = 003D85AA294DD05F0086956F /* StoreView.swift */; };
		005206CC2956E68400BCF30A /* RectangleView.swift in Sources */ = {isa = PBXBuildFile; fileRef = 005206CB2956E68400BCF30A /* RectangleView.swift */; };
		005206CF2957514900BCF30A /* RectangleButtonView.swift in Sources */ = {isa = PBXBuildFile; fileRef = 005206CE2957514900BCF30A /* RectangleButtonView.swift */; };
		005206D1295757FE00BCF30A /* Divider.swift in Sources */ = {isa = PBXBuildFile; fileRef = 005206D0295757FE00BCF30A /* Divider.swift */; };
		005206D329575DC600BCF30A /* ButtonView.swift in Sources */ = {isa = PBXBuildFile; fileRef = 005206D229575DC600BCF30A /* ButtonView.swift */; };
		005206D7295778EF00BCF30A /* SectionHeaderView.swift in Sources */ = {isa = PBXBuildFile; fileRef = 005206D6295778EF00BCF30A /* SectionHeaderView.swift */; };
		008AEE78295353CF00EC7622 /* FilterView.swift in Sources */ = {isa = PBXBuildFile; fileRef = 008AEE77295353CF00EC7622 /* FilterView.swift */; };
		008AEE7A295365F100EC7622 /* ImagesView.swift in Sources */ = {isa = PBXBuildFile; fileRef = 008AEE79295365F100EC7622 /* ImagesView.swift */; };
		008AEE7E29537AB900EC7622 /* CartView.swift in Sources */ = {isa = PBXBuildFile; fileRef = 008AEE7D29537AB900EC7622 /* CartView.swift */; };
		008AEE8029537AC800EC7622 /* SummaryView.swift in Sources */ = {isa = PBXBuildFile; fileRef = 008AEE7F29537AC800EC7622 /* SummaryView.swift */; };
		008D20DA2951DA8900C39A01 /* TitleView.swift in Sources */ = {isa = PBXBuildFile; fileRef = 008D20D92951DA8900C39A01 /* TitleView.swift */; };
		008D20DC2951DB1300C39A01 /* FeaturesView.swift in Sources */ = {isa = PBXBuildFile; fileRef = 008D20DB2951DB1300C39A01 /* FeaturesView.swift */; };
		008D20DE2951DB5400C39A01 /* ColorAndCapacityView.swift in Sources */ = {isa = PBXBuildFile; fileRef = 008D20DD2951DB5400C39A01 /* ColorAndCapacityView.swift */; };
		00A72781294F0C7900BF7565 /* StoreFlowCoordinator.swift in Sources */ = {isa = PBXBuildFile; fileRef = 00A72780294F0C7900BF7565 /* StoreFlowCoordinator.swift */; };
		00A72783294F24A200BF7565 /* BottomBarView.swift in Sources */ = {isa = PBXBuildFile; fileRef = 00A72782294F24A200BF7565 /* BottomBarView.swift */; };
		00A72788294F28CB00BF7565 /* CategoryView.swift in Sources */ = {isa = PBXBuildFile; fileRef = 00A72787294F28CB00BF7565 /* CategoryView.swift */; };
		00A7278A294F299400BF7565 /* SearchView.swift in Sources */ = {isa = PBXBuildFile; fileRef = 00A72789294F299400BF7565 /* SearchView.swift */; };
		00A7278C294F2A2E00BF7565 /* HotSalesView.swift in Sources */ = {isa = PBXBuildFile; fileRef = 00A7278B294F2A2E00BF7565 /* HotSalesView.swift */; };
		00A7278E294F2B5800BF7565 /* BestSellerView.swift in Sources */ = {isa = PBXBuildFile; fileRef = 00A7278D294F2B5800BF7565 /* BestSellerView.swift */; };
		00A72792294F5D4B00BF7565 /* DetailsFlowCoordinator.swift in Sources */ = {isa = PBXBuildFile; fileRef = 00A72791294F5D4B00BF7565 /* DetailsFlowCoordinator.swift */; };
		00A72795294F600C00BF7565 /* Extensions.swift in Sources */ = {isa = PBXBuildFile; fileRef = 00A72794294F600C00BF7565 /* Extensions.swift */; };
		00A72797294F66EA00BF7565 /* BasketFlowCoordinator.swift in Sources */ = {isa = PBXBuildFile; fileRef = 00A72796294F66EA00BF7565 /* BasketFlowCoordinator.swift */; };
		00E5438D2953166300003D8F /* Assets.xcassets in Resources */ = {isa = PBXBuildFile; fileRef = 00E5438C2953166300003D8F /* Assets.xcassets */; };
/* End PBXBuildFile section */

/* Begin PBXFileReference section */
		003CD4D0294FA755001D54D4 /* Info.plist */ = {isa = PBXFileReference; lastKnownFileType = text.plist.xml; path = Info.plist; sourceTree = "<group>"; };
		003CD4D1294FA7FC001D54D4 /* Styles.swift */ = {isa = PBXFileReference; fileEncoding = 4; lastKnownFileType = sourcecode.swift; path = Styles.swift; sourceTree = "<group>"; };
		003D8574294D8B2C0086956F /* SwiftUI-Strore.app */ = {isa = PBXFileReference; explicitFileType = wrapper.application; includeInIndex = 0; path = "SwiftUI-Strore.app"; sourceTree = BUILT_PRODUCTS_DIR; };
		003D8577294D8B2C0086956F /* SwiftUIStoreApp.swift */ = {isa = PBXFileReference; lastKnownFileType = sourcecode.swift; path = SwiftUIStoreApp.swift; sourceTree = "<group>"; };
		003D8579294D8B2C0086956F /* BasketView.swift */ = {isa = PBXFileReference; lastKnownFileType = sourcecode.swift; path = BasketView.swift; sourceTree = "<group>"; };
		003D858F294D8D530086956F /* StoreViewModel.swift */ = {isa = PBXFileReference; lastKnownFileType = sourcecode.swift; path = StoreViewModel.swift; sourceTree = "<group>"; };
		003D8591294D8D640086956F /* DetailsViewModel.swift */ = {isa = PBXFileReference; lastKnownFileType = sourcecode.swift; path = DetailsViewModel.swift; sourceTree = "<group>"; };
		003D8593294D8D790086956F /* BasketViewModel.swift */ = {isa = PBXFileReference; lastKnownFileType = sourcecode.swift; path = BasketViewModel.swift; sourceTree = "<group>"; };
		003D8598294D8FBA0086956F /* MarkPro-Bold.ttf */ = {isa = PBXFileReference; lastKnownFileType = file; path = "MarkPro-Bold.ttf"; sourceTree = "<group>"; };
		003D8599294D8FBA0086956F /* MarkPro-Regular.ttf */ = {isa = PBXFileReference; lastKnownFileType = file; path = "MarkPro-Regular.ttf"; sourceTree = "<group>"; };
		003D859A294D8FBA0086956F /* MarkPro-Medium.ttf */ = {isa = PBXFileReference; lastKnownFileType = file; path = "MarkPro-Medium.ttf"; sourceTree = "<group>"; };
		003D85A1294D93270086956F /* Webservice.swift */ = {isa = PBXFileReference; lastKnownFileType = sourcecode.swift; path = Webservice.swift; sourceTree = "<group>"; };
		003D85A5294D98070086956F /* LaunchScreen.storyboard */ = {isa = PBXFileReference; fileEncoding = 4; lastKnownFileType = file.storyboard; path = LaunchScreen.storyboard; sourceTree = "<group>"; };
		003D85A8294DC7E10086956F /* DetailsView.swift */ = {isa = PBXFileReference; lastKnownFileType = sourcecode.swift; path = DetailsView.swift; sourceTree = "<group>"; };
		003D85AA294DD05F0086956F /* StoreView.swift */ = {isa = PBXFileReference; lastKnownFileType = sourcecode.swift; path = StoreView.swift; sourceTree = "<group>"; };
		005206CB2956E68400BCF30A /* RectangleView.swift */ = {isa = PBXFileReference; lastKnownFileType = sourcecode.swift; path = RectangleView.swift; sourceTree = "<group>"; };
		005206CE2957514900BCF30A /* RectangleButtonView.swift */ = {isa = PBXFileReference; lastKnownFileType = sourcecode.swift; path = RectangleButtonView.swift; sourceTree = "<group>"; };
		005206D0295757FE00BCF30A /* Divider.swift */ = {isa = PBXFileReference; lastKnownFileType = sourcecode.swift; path = Divider.swift; sourceTree = "<group>"; };
		005206D229575DC600BCF30A /* ButtonView.swift */ = {isa = PBXFileReference; lastKnownFileType = sourcecode.swift; path = ButtonView.swift; sourceTree = "<group>"; };
		005206D6295778EF00BCF30A /* SectionHeaderView.swift */ = {isa = PBXFileReference; lastKnownFileType = sourcecode.swift; path = SectionHeaderView.swift; sourceTree = "<group>"; };
		008AEE77295353CF00EC7622 /* FilterView.swift */ = {isa = PBXFileReference; lastKnownFileType = sourcecode.swift; path = FilterView.swift; sourceTree = "<group>"; };
		008AEE79295365F100EC7622 /* ImagesView.swift */ = {isa = PBXFileReference; lastKnownFileType = sourcecode.swift; path = ImagesView.swift; sourceTree = "<group>"; };
		008AEE7D29537AB900EC7622 /* CartView.swift */ = {isa = PBXFileReference; lastKnownFileType = sourcecode.swift; path = CartView.swift; sourceTree = "<group>"; };
		008AEE7F29537AC800EC7622 /* SummaryView.swift */ = {isa = PBXFileReference; lastKnownFileType = sourcecode.swift; path = SummaryView.swift; sourceTree = "<group>"; };
		008D20D92951DA8900C39A01 /* TitleView.swift */ = {isa = PBXFileReference; lastKnownFileType = sourcecode.swift; path = TitleView.swift; sourceTree = "<group>"; };
		008D20DB2951DB1300C39A01 /* FeaturesView.swift */ = {isa = PBXFileReference; lastKnownFileType = sourcecode.swift; path = FeaturesView.swift; sourceTree = "<group>"; };
		008D20DD2951DB5400C39A01 /* ColorAndCapacityView.swift */ = {isa = PBXFileReference; lastKnownFileType = sourcecode.swift; path = ColorAndCapacityView.swift; sourceTree = "<group>"; };
		00A72780294F0C7900BF7565 /* StoreFlowCoordinator.swift */ = {isa = PBXFileReference; lastKnownFileType = sourcecode.swift; path = StoreFlowCoordinator.swift; sourceTree = "<group>"; };
		00A72782294F24A200BF7565 /* BottomBarView.swift */ = {isa = PBXFileReference; lastKnownFileType = sourcecode.swift; path = BottomBarView.swift; sourceTree = "<group>"; };
		00A72787294F28CB00BF7565 /* CategoryView.swift */ = {isa = PBXFileReference; lastKnownFileType = sourcecode.swift; path = CategoryView.swift; sourceTree = "<group>"; };
		00A72789294F299400BF7565 /* SearchView.swift */ = {isa = PBXFileReference; lastKnownFileType = sourcecode.swift; path = SearchView.swift; sourceTree = "<group>"; };
		00A7278B294F2A2E00BF7565 /* HotSalesView.swift */ = {isa = PBXFileReference; lastKnownFileType = sourcecode.swift; path = HotSalesView.swift; sourceTree = "<group>"; };
		00A7278D294F2B5800BF7565 /* BestSellerView.swift */ = {isa = PBXFileReference; lastKnownFileType = sourcecode.swift; path = BestSellerView.swift; sourceTree = "<group>"; };
		00A72791294F5D4B00BF7565 /* DetailsFlowCoordinator.swift */ = {isa = PBXFileReference; lastKnownFileType = sourcecode.swift; path = DetailsFlowCoordinator.swift; sourceTree = "<group>"; };
		00A72794294F600C00BF7565 /* Extensions.swift */ = {isa = PBXFileReference; lastKnownFileType = sourcecode.swift; path = Extensions.swift; sourceTree = "<group>"; };
		00A72796294F66EA00BF7565 /* BasketFlowCoordinator.swift */ = {isa = PBXFileReference; lastKnownFileType = sourcecode.swift; path = BasketFlowCoordinator.swift; sourceTree = "<group>"; };
		00E5438C2953166300003D8F /* Assets.xcassets */ = {isa = PBXFileReference; lastKnownFileType = folder.assetcatalog; path = Assets.xcassets; sourceTree = "<group>"; };
/* End PBXFileReference section */

/* Begin PBXFrameworksBuildPhase section */
		003D8571294D8B2C0086956F /* Frameworks */ = {
			isa = PBXFrameworksBuildPhase;
			buildActionMask = 2147483647;
			files = (
			);
			runOnlyForDeploymentPostprocessing = 0;
		};
/* End PBXFrameworksBuildPhase section */

/* Begin PBXGroup section */
		003CD4CE294F9048001D54D4 /* ComplementaryViews */ = {
			isa = PBXGroup;
			children = (
				008AEE79295365F100EC7622 /* ImagesView.swift */,
				008D20D92951DA8900C39A01 /* TitleView.swift */,
				008D20DB2951DB1300C39A01 /* FeaturesView.swift */,
				008D20DD2951DB5400C39A01 /* ColorAndCapacityView.swift */,
			);
			path = ComplementaryViews;
			sourceTree = "<group>";
		};
		003CD4CF294F9057001D54D4 /* ComplementaryViews */ = {
			isa = PBXGroup;
			children = (
				008AEE7D29537AB900EC7622 /* CartView.swift */,
				008AEE7F29537AC800EC7622 /* SummaryView.swift */,
			);
			path = ComplementaryViews;
			sourceTree = "<group>";
		};
		003D856B294D8B2C0086956F = {
			isa = PBXGroup;
			children = (
				003D8576294D8B2C0086956F /* SwiftUI-Strore */,
				003D8575294D8B2C0086956F /* Products */,
			);
			sourceTree = "<group>";
		};
		003D8575294D8B2C0086956F /* Products */ = {
			isa = PBXGroup;
			children = (
				003D8574294D8B2C0086956F /* SwiftUI-Strore.app */,
			);
			name = Products;
			sourceTree = "<group>";
		};
		003D8576294D8B2C0086956F /* SwiftUI-Strore */ = {
			isa = PBXGroup;
			children = (
				003D85A7294D989C0086956F /* Main */,
				003D8595294D8F860086956F /* Resources */,
				003D8585294D8B4E0086956F /* Scenes */,
				003D8587294D8B5F0086956F /* Services */,
				00A72793294F5FF300BF7565 /* Utilities */,
			);
			path = "SwiftUI-Strore";
			sourceTree = "<group>";
		};
		003D8585294D8B4E0086956F /* Scenes */ = {
			isa = PBXGroup;
			children = (
				00A7277B294EF35900BF7565 /* Store */,
				00A7277C294EF36400BF7565 /* Details */,
				00A7277D294EF36B00BF7565 /* Basket */,
				005206CD2956EB9300BCF30A /* Helpers */,
			);
			path = Scenes;
			sourceTree = "<group>";
		};
		003D8587294D8B5F0086956F /* Services */ = {
			isa = PBXGroup;
			children = (
				003D85A1294D93270086956F /* Webservice.swift */,
			);
			path = Services;
			sourceTree = "<group>";
		};
		003D8595294D8F860086956F /* Resources */ = {
			isa = PBXGroup;
			children = (
				00E5438C2953166300003D8F /* Assets.xcassets */,
				003D85A5294D98070086956F /* LaunchScreen.storyboard */,
				003D8596294D8FBA0086956F /* Fonts */,
			);
			path = Resources;
			sourceTree = "<group>";
		};
		003D8596294D8FBA0086956F /* Fonts */ = {
			isa = PBXGroup;
			children = (
				003D8598294D8FBA0086956F /* MarkPro-Bold.ttf */,
				003D8599294D8FBA0086956F /* MarkPro-Regular.ttf */,
				003D859A294D8FBA0086956F /* MarkPro-Medium.ttf */,
			);
			path = Fonts;
			sourceTree = "<group>";
		};
		003D85A7294D989C0086956F /* Main */ = {
			isa = PBXGroup;
			children = (
				003CD4D0294FA755001D54D4 /* Info.plist */,
				003D8577294D8B2C0086956F /* SwiftUIStoreApp.swift */,
			);
			path = Main;
			sourceTree = "<group>";
		};
		005206CD2956EB9300BCF30A /* Helpers */ = {
			isa = PBXGroup;
			children = (
				005206CB2956E68400BCF30A /* RectangleView.swift */,
				005206CE2957514900BCF30A /* RectangleButtonView.swift */,
				005206D0295757FE00BCF30A /* Divider.swift */,
				005206D229575DC600BCF30A /* ButtonView.swift */,
			);
			path = Helpers;
			sourceTree = "<group>";
		};
		00A7277B294EF35900BF7565 /* Store */ = {
			isa = PBXGroup;
			children = (
				00A72780294F0C7900BF7565 /* StoreFlowCoordinator.swift */,
				003D858F294D8D530086956F /* StoreViewModel.swift */,
				003D85AA294DD05F0086956F /* StoreView.swift */,
				00A72784294F251300BF7565 /* ComplementaryViews */,
			);
			path = Store;
			sourceTree = "<group>";
		};
		00A7277C294EF36400BF7565 /* Details */ = {
			isa = PBXGroup;
			children = (
				00A72791294F5D4B00BF7565 /* DetailsFlowCoordinator.swift */,
				003D8591294D8D640086956F /* DetailsViewModel.swift */,
				003D85A8294DC7E10086956F /* DetailsView.swift */,
				003CD4CE294F9048001D54D4 /* ComplementaryViews */,
			);
			path = Details;
			sourceTree = "<group>";
		};
		00A7277D294EF36B00BF7565 /* Basket */ = {
			isa = PBXGroup;
			children = (
				00A72796294F66EA00BF7565 /* BasketFlowCoordinator.swift */,
				003D8593294D8D790086956F /* BasketViewModel.swift */,
				003D8579294D8B2C0086956F /* BasketView.swift */,
				003CD4CF294F9057001D54D4 /* ComplementaryViews */,
			);
			path = Basket;
			sourceTree = "<group>";
		};
		00A72784294F251300BF7565 /* ComplementaryViews */ = {
			isa = PBXGroup;
			children = (
				00A72787294F28CB00BF7565 /* CategoryView.swift */,
				00A72789294F299400BF7565 /* SearchView.swift */,
				00A7278B294F2A2E00BF7565 /* HotSalesView.swift */,
				00A7278D294F2B5800BF7565 /* BestSellerView.swift */,
				00A72782294F24A200BF7565 /* BottomBarView.swift */,
				008AEE77295353CF00EC7622 /* FilterView.swift */,
				005206D6295778EF00BCF30A /* SectionHeaderView.swift */,
			);
			path = ComplementaryViews;
			sourceTree = "<group>";
		};
		00A72793294F5FF300BF7565 /* Utilities */ = {
			isa = PBXGroup;
			children = (
				00A72794294F600C00BF7565 /* Extensions.swift */,
				003CD4D1294FA7FC001D54D4 /* Styles.swift */,
			);
			path = Utilities;
			sourceTree = "<group>";
		};
/* End PBXGroup section */

/* Begin PBXNativeTarget section */
		003D8573294D8B2C0086956F /* SwiftUI-Strore */ = {
			isa = PBXNativeTarget;
			buildConfigurationList = 003D8582294D8B2E0086956F /* Build configuration list for PBXNativeTarget "SwiftUI-Strore" */;
			buildPhases = (
				008D20D6295192CC00C39A01 /* Swiftlint */,
				003D8570294D8B2C0086956F /* Sources */,
				003D8571294D8B2C0086956F /* Frameworks */,
				003D8572294D8B2C0086956F /* Resources */,
			);
			buildRules = (
			);
			dependencies = (
			);
			name = "SwiftUI-Strore";
			productName = "SwiftUI-Strore";
			productReference = 003D8574294D8B2C0086956F /* SwiftUI-Strore.app */;
			productType = "com.apple.product-type.application";
		};
/* End PBXNativeTarget section */

/* Begin PBXProject section */
		003D856C294D8B2C0086956F /* Project object */ = {
			isa = PBXProject;
			attributes = {
				BuildIndependentTargetsInParallel = 1;
				LastSwiftUpdateCheck = 1420;
				LastUpgradeCheck = 1420;
				TargetAttributes = {
					003D8573294D8B2C0086956F = {
						CreatedOnToolsVersion = 14.2;
					};
				};
			};
			buildConfigurationList = 003D856F294D8B2C0086956F /* Build configuration list for PBXProject "SwiftUI-Strore" */;
			compatibilityVersion = "Xcode 14.0";
			developmentRegion = en;
			hasScannedForEncodings = 0;
			knownRegions = (
				en,
				Base,
			);
			mainGroup = 003D856B294D8B2C0086956F;
			productRefGroup = 003D8575294D8B2C0086956F /* Products */;
			projectDirPath = "";
			projectRoot = "";
			targets = (
				003D8573294D8B2C0086956F /* SwiftUI-Strore */,
			);
		};
/* End PBXProject section */

/* Begin PBXResourcesBuildPhase section */
		003D8572294D8B2C0086956F /* Resources */ = {
			isa = PBXResourcesBuildPhase;
			buildActionMask = 2147483647;
			files = (
				003D859E294D8FBA0086956F /* MarkPro-Regular.ttf in Resources */,
				003D859F294D8FBA0086956F /* MarkPro-Medium.ttf in Resources */,
				003D85A6294D98070086956F /* LaunchScreen.storyboard in Resources */,
				003D859D294D8FBA0086956F /* MarkPro-Bold.ttf in Resources */,
				00E5438D2953166300003D8F /* Assets.xcassets in Resources */,
			);
			runOnlyForDeploymentPostprocessing = 0;
		};
/* End PBXResourcesBuildPhase section */

/* Begin PBXShellScriptBuildPhase section */
		008D20D6295192CC00C39A01 /* Swiftlint */ = {
			isa = PBXShellScriptBuildPhase;
			alwaysOutOfDate = 1;
			buildActionMask = 2147483647;
			files = (
			);
			inputFileListPaths = (
			);
			inputPaths = (
			);
			name = Swiftlint;
			outputFileListPaths = (
			);
			outputPaths = (
			);
			runOnlyForDeploymentPostprocessing = 0;
			shellPath = /bin/sh;
			shellScript = "#export PATH=\"$PATH:/opt/homebrew/bin\"\n\nif which swiftlint >/dev/null; then\n  swiftlint\nelse\n  echo \"warning: SwiftLint not installed, download from https://github.com/realm/SwiftLint\"\nfi\n";
		};
/* End PBXShellScriptBuildPhase section */

/* Begin PBXSourcesBuildPhase section */
		003D8570294D8B2C0086956F /* Sources */ = {
			isa = PBXSourcesBuildPhase;
			buildActionMask = 2147483647;
			files = (
				003D857A294D8B2C0086956F /* BasketView.swift in Sources */,
				003D85A9294DC7E10086956F /* DetailsView.swift in Sources */,
				008AEE7A295365F100EC7622 /* ImagesView.swift in Sources */,
				008AEE78295353CF00EC7622 /* FilterView.swift in Sources */,
				00A72783294F24A200BF7565 /* BottomBarView.swift in Sources */,
				003CD4D2294FA7FC001D54D4 /* Styles.swift in Sources */,
				003D85AB294DD05F0086956F /* StoreView.swift in Sources */,
				005206D7295778EF00BCF30A /* SectionHeaderView.swift in Sources */,
				00A72797294F66EA00BF7565 /* BasketFlowCoordinator.swift in Sources */,
				008D20DA2951DA8900C39A01 /* TitleView.swift in Sources */,
				008AEE7E29537AB900EC7622 /* CartView.swift in Sources */,
				00A7278E294F2B5800BF7565 /* BestSellerView.swift in Sources */,
				003D8592294D8D640086956F /* DetailsViewModel.swift in Sources */,
				008AEE8029537AC800EC7622 /* SummaryView.swift in Sources */,
				00A72788294F28CB00BF7565 /* CategoryView.swift in Sources */,
				003D8590294D8D530086956F /* StoreViewModel.swift in Sources */,
				00A7278A294F299400BF7565 /* SearchView.swift in Sources */,
				00A7278C294F2A2E00BF7565 /* HotSalesView.swift in Sources */,
				00A72792294F5D4B00BF7565 /* DetailsFlowCoordinator.swift in Sources */,
				00A72795294F600C00BF7565 /* Extensions.swift in Sources */,
				005206CF2957514900BCF30A /* RectangleButtonView.swift in Sources */,
				008D20DC2951DB1300C39A01 /* FeaturesView.swift in Sources */,
				005206CC2956E68400BCF30A /* RectangleView.swift in Sources */,
				003D8594294D8D790086956F /* BasketViewModel.swift in Sources */,
				008D20DE2951DB5400C39A01 /* ColorAndCapacityView.swift in Sources */,
				003D8578294D8B2C0086956F /* SwiftUIStoreApp.swift in Sources */,
				005206D1295757FE00BCF30A /* Divider.swift in Sources */,
				005206D329575DC600BCF30A /* ButtonView.swift in Sources */,
				00A72781294F0C7900BF7565 /* StoreFlowCoordinator.swift in Sources */,
				003D85A2294D93270086956F /* Webservice.swift in Sources */,
			);
			runOnlyForDeploymentPostprocessing = 0;
		};
/* End PBXSourcesBuildPhase section */

/* Begin XCBuildConfiguration section */
		003D8580294D8B2E0086956F /* Debug */ = {
			isa = XCBuildConfiguration;
			buildSettings = {
				ALWAYS_SEARCH_USER_PATHS = NO;
				CLANG_ANALYZER_NONNULL = YES;
				CLANG_ANALYZER_NUMBER_OBJECT_CONVERSION = YES_AGGRESSIVE;
				CLANG_CXX_LANGUAGE_STANDARD = "gnu++20";
				CLANG_ENABLE_MODULES = YES;
				CLANG_ENABLE_OBJC_ARC = YES;
				CLANG_ENABLE_OBJC_WEAK = YES;
				CLANG_WARN_BLOCK_CAPTURE_AUTORELEASING = YES;
				CLANG_WARN_BOOL_CONVERSION = YES;
				CLANG_WARN_COMMA = YES;
				CLANG_WARN_CONSTANT_CONVERSION = YES;
				CLANG_WARN_DEPRECATED_OBJC_IMPLEMENTATIONS = YES;
				CLANG_WARN_DIRECT_OBJC_ISA_USAGE = YES_ERROR;
				CLANG_WARN_DOCUMENTATION_COMMENTS = YES;
				CLANG_WARN_EMPTY_BODY = YES;
				CLANG_WARN_ENUM_CONVERSION = YES;
				CLANG_WARN_INFINITE_RECURSION = YES;
				CLANG_WARN_INT_CONVERSION = YES;
				CLANG_WARN_NON_LITERAL_NULL_CONVERSION = YES;
				CLANG_WARN_OBJC_IMPLICIT_RETAIN_SELF = YES;
				CLANG_WARN_OBJC_LITERAL_CONVERSION = YES;
				CLANG_WARN_OBJC_ROOT_CLASS = YES_ERROR;
				CLANG_WARN_QUOTED_INCLUDE_IN_FRAMEWORK_HEADER = YES;
				CLANG_WARN_RANGE_LOOP_ANALYSIS = YES;
				CLANG_WARN_STRICT_PROTOTYPES = YES;
				CLANG_WARN_SUSPICIOUS_MOVE = YES;
				CLANG_WARN_UNGUARDED_AVAILABILITY = YES_AGGRESSIVE;
				CLANG_WARN_UNREACHABLE_CODE = YES;
				CLANG_WARN__DUPLICATE_METHOD_MATCH = YES;
				COPY_PHASE_STRIP = NO;
				DEBUG_INFORMATION_FORMAT = dwarf;
				ENABLE_STRICT_OBJC_MSGSEND = YES;
				ENABLE_TESTABILITY = YES;
				GCC_C_LANGUAGE_STANDARD = gnu11;
				GCC_DYNAMIC_NO_PIC = NO;
				GCC_NO_COMMON_BLOCKS = YES;
				GCC_OPTIMIZATION_LEVEL = 0;
				GCC_PREPROCESSOR_DEFINITIONS = (
					"DEBUG=1",
					"$(inherited)",
				);
				GCC_WARN_64_TO_32_BIT_CONVERSION = YES;
				GCC_WARN_ABOUT_RETURN_TYPE = YES_ERROR;
				GCC_WARN_UNDECLARED_SELECTOR = YES;
				GCC_WARN_UNINITIALIZED_AUTOS = YES_AGGRESSIVE;
				GCC_WARN_UNUSED_FUNCTION = YES;
				GCC_WARN_UNUSED_VARIABLE = YES;
				IPHONEOS_DEPLOYMENT_TARGET = 15.0;
				MTL_ENABLE_DEBUG_INFO = INCLUDE_SOURCE;
				MTL_FAST_MATH = YES;
				ONLY_ACTIVE_ARCH = YES;
				SDKROOT = iphoneos;
				SWIFT_ACTIVE_COMPILATION_CONDITIONS = DEBUG;
				SWIFT_OPTIMIZATION_LEVEL = "-Onone";
			};
			name = Debug;
		};
		003D8581294D8B2E0086956F /* Release */ = {
			isa = XCBuildConfiguration;
			buildSettings = {
				ALWAYS_SEARCH_USER_PATHS = NO;
				CLANG_ANALYZER_NONNULL = YES;
				CLANG_ANALYZER_NUMBER_OBJECT_CONVERSION = YES_AGGRESSIVE;
				CLANG_CXX_LANGUAGE_STANDARD = "gnu++20";
				CLANG_ENABLE_MODULES = YES;
				CLANG_ENABLE_OBJC_ARC = YES;
				CLANG_ENABLE_OBJC_WEAK = YES;
				CLANG_WARN_BLOCK_CAPTURE_AUTORELEASING = YES;
				CLANG_WARN_BOOL_CONVERSION = YES;
				CLANG_WARN_COMMA = YES;
				CLANG_WARN_CONSTANT_CONVERSION = YES;
				CLANG_WARN_DEPRECATED_OBJC_IMPLEMENTATIONS = YES;
				CLANG_WARN_DIRECT_OBJC_ISA_USAGE = YES_ERROR;
				CLANG_WARN_DOCUMENTATION_COMMENTS = YES;
				CLANG_WARN_EMPTY_BODY = YES;
				CLANG_WARN_ENUM_CONVERSION = YES;
				CLANG_WARN_INFINITE_RECURSION = YES;
				CLANG_WARN_INT_CONVERSION = YES;
				CLANG_WARN_NON_LITERAL_NULL_CONVERSION = YES;
				CLANG_WARN_OBJC_IMPLICIT_RETAIN_SELF = YES;
				CLANG_WARN_OBJC_LITERAL_CONVERSION = YES;
				CLANG_WARN_OBJC_ROOT_CLASS = YES_ERROR;
				CLANG_WARN_QUOTED_INCLUDE_IN_FRAMEWORK_HEADER = YES;
				CLANG_WARN_RANGE_LOOP_ANALYSIS = YES;
				CLANG_WARN_STRICT_PROTOTYPES = YES;
				CLANG_WARN_SUSPICIOUS_MOVE = YES;
				CLANG_WARN_UNGUARDED_AVAILABILITY = YES_AGGRESSIVE;
				CLANG_WARN_UNREACHABLE_CODE = YES;
				CLANG_WARN__DUPLICATE_METHOD_MATCH = YES;
				COPY_PHASE_STRIP = NO;
				DEBUG_INFORMATION_FORMAT = "dwarf-with-dsym";
				ENABLE_NS_ASSERTIONS = NO;
				ENABLE_STRICT_OBJC_MSGSEND = YES;
				GCC_C_LANGUAGE_STANDARD = gnu11;
				GCC_NO_COMMON_BLOCKS = YES;
				GCC_WARN_64_TO_32_BIT_CONVERSION = YES;
				GCC_WARN_ABOUT_RETURN_TYPE = YES_ERROR;
				GCC_WARN_UNDECLARED_SELECTOR = YES;
				GCC_WARN_UNINITIALIZED_AUTOS = YES_AGGRESSIVE;
				GCC_WARN_UNUSED_FUNCTION = YES;
				GCC_WARN_UNUSED_VARIABLE = YES;
				IPHONEOS_DEPLOYMENT_TARGET = 15.0;
				MTL_ENABLE_DEBUG_INFO = NO;
				MTL_FAST_MATH = YES;
				SDKROOT = iphoneos;
				SWIFT_COMPILATION_MODE = wholemodule;
				SWIFT_OPTIMIZATION_LEVEL = "-O";
				VALIDATE_PRODUCT = YES;
			};
			name = Release;
		};
		003D8583294D8B2E0086956F /* Debug */ = {
			isa = XCBuildConfiguration;
			buildSettings = {
				ASSETCATALOG_COMPILER_APPICON_NAME = AppIcon;
				ASSETCATALOG_COMPILER_GLOBAL_ACCENT_COLOR_NAME = AccentColor;
				CODE_SIGN_STYLE = Automatic;
				CURRENT_PROJECT_VERSION = 1;
				DEVELOPMENT_ASSET_PATHS = "";
				ENABLE_PREVIEWS = YES;
				GENERATE_INFOPLIST_FILE = YES;
				INFOPLIST_FILE = "SwiftUI-Strore/Main/Info.plist";
				INFOPLIST_KEY_UIApplicationSceneManifest_Generation = YES;
				INFOPLIST_KEY_UIApplicationSupportsIndirectInputEvents = YES;
				INFOPLIST_KEY_UILaunchScreen_Generation = YES;
				INFOPLIST_KEY_UILaunchStoryboardName = LaunchScreen.storyboard;
				INFOPLIST_KEY_UISupportedInterfaceOrientations = UIInterfaceOrientationPortrait;
				INFOPLIST_KEY_UISupportedInterfaceOrientations_iPad = "";
				IPHONEOS_DEPLOYMENT_TARGET = 15.0;
				LD_RUNPATH_SEARCH_PATHS = (
					"$(inherited)",
					"@executable_path/Frameworks",
				);
				MARKETING_VERSION = 1.0;
				PRODUCT_BUNDLE_IDENTIFIER = "com.SwiftUI-Strore";
				PRODUCT_NAME = "$(TARGET_NAME)";
				SUPPORTED_PLATFORMS = "iphoneos iphonesimulator";
				SUPPORTS_MACCATALYST = NO;
				SUPPORTS_MAC_DESIGNED_FOR_IPHONE_IPAD = NO;
				SWIFT_EMIT_LOC_STRINGS = YES;
				SWIFT_VERSION = 5.0;
				TARGETED_DEVICE_FAMILY = 1;
			};
			name = Debug;
		};
		003D8584294D8B2E0086956F /* Release */ = {
			isa = XCBuildConfiguration;
			buildSettings = {
				ASSETCATALOG_COMPILER_APPICON_NAME = AppIcon;
				ASSETCATALOG_COMPILER_GLOBAL_ACCENT_COLOR_NAME = AccentColor;
				CODE_SIGN_STYLE = Automatic;
				CURRENT_PROJECT_VERSION = 1;
				DEVELOPMENT_ASSET_PATHS = "";
				ENABLE_PREVIEWS = YES;
				GENERATE_INFOPLIST_FILE = YES;
				INFOPLIST_FILE = "SwiftUI-Strore/Main/Info.plist";
				INFOPLIST_KEY_UIApplicationSceneManifest_Generation = YES;
				INFOPLIST_KEY_UIApplicationSupportsIndirectInputEvents = YES;
				INFOPLIST_KEY_UILaunchScreen_Generation = YES;
				INFOPLIST_KEY_UILaunchStoryboardName = LaunchScreen.storyboard;
				INFOPLIST_KEY_UISupportedInterfaceOrientations = UIInterfaceOrientationPortrait;
				INFOPLIST_KEY_UISupportedInterfaceOrientations_iPad = "";
				IPHONEOS_DEPLOYMENT_TARGET = 15.0;
				LD_RUNPATH_SEARCH_PATHS = (
					"$(inherited)",
					"@executable_path/Frameworks",
				);
				MARKETING_VERSION = 1.0;
				PRODUCT_BUNDLE_IDENTIFIER = "com.SwiftUI-Strore";
				PRODUCT_NAME = "$(TARGET_NAME)";
				SUPPORTED_PLATFORMS = "iphoneos iphonesimulator";
				SUPPORTS_MACCATALYST = NO;
				SUPPORTS_MAC_DESIGNED_FOR_IPHONE_IPAD = NO;
				SWIFT_EMIT_LOC_STRINGS = YES;
				SWIFT_VERSION = 5.0;
				TARGETED_DEVICE_FAMILY = 1;
			};
			name = Release;
		};
/* End XCBuildConfiguration section */

/* Begin XCConfigurationList section */
		003D856F294D8B2C0086956F /* Build configuration list for PBXProject "SwiftUI-Strore" */ = {
			isa = XCConfigurationList;
			buildConfigurations = (
				003D8580294D8B2E0086956F /* Debug */,
				003D8581294D8B2E0086956F /* Release */,
			);
			defaultConfigurationIsVisible = 0;
			defaultConfigurationName = Release;
		};
		003D8582294D8B2E0086956F /* Build configuration list for PBXNativeTarget "SwiftUI-Strore" */ = {
			isa = XCConfigurationList;
			buildConfigurations = (
				003D8583294D8B2E0086956F /* Debug */,
				003D8584294D8B2E0086956F /* Release */,
			);
			defaultConfigurationIsVisible = 0;
			defaultConfigurationName = Release;
		};
/* End XCConfigurationList section */
	};
	rootObject = 003D856C294D8B2C0086956F /* Project object */;
}
